// !$*UTF8*$!
{
	archiveVersion = 1;
	classes = {
	};
	objectVersion = 56;
	objects = {

/* Begin PBXBuildFile section */
		25356FB62CBC52CB00D8E74B /* AudioPlayerManager.swift in Sources */ = {isa = PBXBuildFile; fileRef = 25356FB52CBC52CB00D8E74B /* AudioPlayerManager.swift */; };
		25356FB82CBC551900D8E74B /* SongDataModel.swift in Sources */ = {isa = PBXBuildFile; fileRef = 25356FB72CBC551900D8E74B /* SongDataModel.swift */; };
		25356FBA2CBC573000D8E74B /* AudioPlayerView.swift in Sources */ = {isa = PBXBuildFile; fileRef = 25356FB92CBC573000D8E74B /* AudioPlayerView.swift */; };
		25356FBC2CBC573B00D8E74B /* ContentView.swift in Sources */ = {isa = PBXBuildFile; fileRef = 25356FBB2CBC573B00D8E74B /* ContentView.swift */; };
		25356FBE2CBC588400D8E74B /* GoogleService-Info.plist in Resources */ = {isa = PBXBuildFile; fileRef = 25356FBD2CBC588400D8E74B /* GoogleService-Info.plist */; };
		25356FC12CBC58FD00D8E74B /* FirebaseFirestore in Frameworks */ = {isa = PBXBuildFile; productRef = 25356FC02CBC58FD00D8E74B /* FirebaseFirestore */; };
		25F9BA1D2CBB172B00590BF2 /* TuneVibeApp.swift in Sources */ = {isa = PBXBuildFile; fileRef = 25F9BA1C2CBB172B00590BF2 /* TuneVibeApp.swift */; };
		25F9BA212CBB172C00590BF2 /* Assets.xcassets in Resources */ = {isa = PBXBuildFile; fileRef = 25F9BA202CBB172C00590BF2 /* Assets.xcassets */; };
		25F9BA242CBB172C00590BF2 /* Preview Assets.xcassets in Resources */ = {isa = PBXBuildFile; fileRef = 25F9BA232CBB172C00590BF2 /* Preview Assets.xcassets */; };
		25F9BA2C2CBB184800590BF2 /* FirebaseAnalytics in Frameworks */ = {isa = PBXBuildFile; productRef = 25F9BA2B2CBB184800590BF2 /* FirebaseAnalytics */; };
		25F9BA2E2CBB184800590BF2 /* FirebaseAnalyticsOnDeviceConversion in Frameworks */ = {isa = PBXBuildFile; productRef = 25F9BA2D2CBB184800590BF2 /* FirebaseAnalyticsOnDeviceConversion */; };
		25F9BA302CBB184800590BF2 /* FirebaseAnalyticsWithoutAdIdSupport in Frameworks */ = {isa = PBXBuildFile; productRef = 25F9BA2F2CBB184800590BF2 /* FirebaseAnalyticsWithoutAdIdSupport */; };
		25F9BA322CBB184800590BF2 /* FirebaseAppCheck in Frameworks */ = {isa = PBXBuildFile; productRef = 25F9BA312CBB184800590BF2 /* FirebaseAppCheck */; };
		25F9BA342CBB184800590BF2 /* FirebaseAppDistribution-Beta in Frameworks */ = {isa = PBXBuildFile; productRef = 25F9BA332CBB184800590BF2 /* FirebaseAppDistribution-Beta */; };
		25F9BA362CBB18E600590BF2 /* .gitignore in Resources */ = {isa = PBXBuildFile; fileRef = 25F9BA352CBB18E600590BF2 /* .gitignore */; };
		25F9BA3B2CBB1B1400590BF2 /* Song.swift in Sources */ = {isa = PBXBuildFile; fileRef = 25F9BA3A2CBB1B1400590BF2 /* Song.swift */; };
/* End PBXBuildFile section */

/* Begin PBXFileReference section */
		25356FB52CBC52CB00D8E74B /* AudioPlayerManager.swift */ = {isa = PBXFileReference; fileEncoding = 4; lastKnownFileType = sourcecode.swift; path = AudioPlayerManager.swift; sourceTree = "<group>"; };
		25356FB72CBC551900D8E74B /* SongDataModel.swift */ = {isa = PBXFileReference; lastKnownFileType = sourcecode.swift; path = SongDataModel.swift; sourceTree = "<group>"; };
		25356FB92CBC573000D8E74B /* AudioPlayerView.swift */ = {isa = PBXFileReference; fileEncoding = 4; lastKnownFileType = sourcecode.swift; path = AudioPlayerView.swift; sourceTree = "<group>"; };
		25356FBB2CBC573B00D8E74B /* ContentView.swift */ = {isa = PBXFileReference; fileEncoding = 4; lastKnownFileType = sourcecode.swift; name = ContentView.swift; path = "../../TestProject!/TestProject!/ContentView.swift"; sourceTree = "<group>"; };
		25356FBD2CBC588400D8E74B /* GoogleService-Info.plist */ = {isa = PBXFileReference; fileEncoding = 4; lastKnownFileType = text.plist.xml; name = "GoogleService-Info.plist"; path = "../../../../../Downloads/GoogleService-Info.plist"; sourceTree = "<group>"; };
		25F9BA192CBB172B00590BF2 /* TuneVibe.app */ = {isa = PBXFileReference; explicitFileType = wrapper.application; includeInIndex = 0; path = TuneVibe.app; sourceTree = BUILT_PRODUCTS_DIR; };
		25F9BA1C2CBB172B00590BF2 /* TuneVibeApp.swift */ = {isa = PBXFileReference; lastKnownFileType = sourcecode.swift; path = TuneVibeApp.swift; sourceTree = "<group>"; };
		25F9BA202CBB172C00590BF2 /* Assets.xcassets */ = {isa = PBXFileReference; lastKnownFileType = folder.assetcatalog; path = Assets.xcassets; sourceTree = "<group>"; };
		25F9BA232CBB172C00590BF2 /* Preview Assets.xcassets */ = {isa = PBXFileReference; lastKnownFileType = folder.assetcatalog; path = "Preview Assets.xcassets"; sourceTree = "<group>"; };
		25F9BA352CBB18E600590BF2 /* .gitignore */ = {isa = PBXFileReference; lastKnownFileType = text; path = .gitignore; sourceTree = "<group>"; };
		25F9BA3A2CBB1B1400590BF2 /* Song.swift */ = {isa = PBXFileReference; fileEncoding = 4; lastKnownFileType = sourcecode.swift; path = Song.swift; sourceTree = "<group>"; };
/* End PBXFileReference section */

/* Begin PBXFrameworksBuildPhase section */
		25F9BA162CBB172B00590BF2 /* Frameworks */ = {
			isa = PBXFrameworksBuildPhase;
			buildActionMask = 2147483647;
			files = (
				25F9BA322CBB184800590BF2 /* FirebaseAppCheck in Frameworks */,
				25F9BA2C2CBB184800590BF2 /* FirebaseAnalytics in Frameworks */,
				25F9BA342CBB184800590BF2 /* FirebaseAppDistribution-Beta in Frameworks */,
				25F9BA302CBB184800590BF2 /* FirebaseAnalyticsWithoutAdIdSupport in Frameworks */,
				25F9BA2E2CBB184800590BF2 /* FirebaseAnalyticsOnDeviceConversion in Frameworks */,
				25356FC12CBC58FD00D8E74B /* FirebaseFirestore in Frameworks */,
			);
			runOnlyForDeploymentPostprocessing = 0;
		};
/* End PBXFrameworksBuildPhase section */

/* Begin PBXGroup section */
		25356FB12CBC528500D8E74B /* ViewModel */ = {
			isa = PBXGroup;
			children = (
				25356FB52CBC52CB00D8E74B /* AudioPlayerManager.swift */,
				25356FB72CBC551900D8E74B /* SongDataModel.swift */,
			);
			path = ViewModel;
			sourceTree = "<group>";
		};
		25356FB22CBC529100D8E74B /* View */ = {
			isa = PBXGroup;
			children = (
				25356FB92CBC573000D8E74B /* AudioPlayerView.swift */,
			);
			path = View;
			sourceTree = "<group>";
		};
		25356FBF2CBC58FD00D8E74B /* Frameworks */ = {
			isa = PBXGroup;
			children = (
			);
			name = Frameworks;
			sourceTree = "<group>";
		};
		25F9BA102CBB172B00590BF2 = {
			isa = PBXGroup;
			children = (
				25F9BA1B2CBB172B00590BF2 /* TuneVibe */,
				25F9BA1A2CBB172B00590BF2 /* Products */,
				25356FBF2CBC58FD00D8E74B /* Frameworks */,
			);
			sourceTree = "<group>";
		};
		25F9BA1A2CBB172B00590BF2 /* Products */ = {
			isa = PBXGroup;
			children = (
				25F9BA192CBB172B00590BF2 /* TuneVibe.app */,
			);
			name = Products;
			sourceTree = "<group>";
		};
		25F9BA1B2CBB172B00590BF2 /* TuneVibe */ = {
			isa = PBXGroup;
			children = (
				25356FB22CBC529100D8E74B /* View */,
				25356FB12CBC528500D8E74B /* ViewModel */,
				25F9BA392CBB1B0900590BF2 /* Model */,
				25356FBD2CBC588400D8E74B /* GoogleService-Info.plist */,
				25F9BA352CBB18E600590BF2 /* .gitignore */,
				25F9BA1C2CBB172B00590BF2 /* TuneVibeApp.swift */,
				25356FBB2CBC573B00D8E74B /* ContentView.swift */,
				25F9BA202CBB172C00590BF2 /* Assets.xcassets */,
				25F9BA222CBB172C00590BF2 /* Preview Content */,
			);
			path = TuneVibe;
			sourceTree = "<group>";
		};
		25F9BA222CBB172C00590BF2 /* Preview Content */ = {
			isa = PBXGroup;
			children = (
				25F9BA232CBB172C00590BF2 /* Preview Assets.xcassets */,
			);
			path = "Preview Content";
			sourceTree = "<group>";
		};
		25F9BA392CBB1B0900590BF2 /* Model */ = {
			isa = PBXGroup;
			children = (
				25F9BA3A2CBB1B1400590BF2 /* Song.swift */,
			);
			path = Model;
			sourceTree = "<group>";
		};
/* End PBXGroup section */

/* Begin PBXNativeTarget section */
		25F9BA182CBB172B00590BF2 /* TuneVibe */ = {
			isa = PBXNativeTarget;
			buildConfigurationList = 25F9BA272CBB172C00590BF2 /* Build configuration list for PBXNativeTarget "TuneVibe" */;
			buildPhases = (
				25F9BA152CBB172B00590BF2 /* Sources */,
				25F9BA162CBB172B00590BF2 /* Frameworks */,
				25F9BA172CBB172B00590BF2 /* Resources */,
			);
			buildRules = (
			);
			dependencies = (
			);
			name = TuneVibe;
			packageProductDependencies = (
				25F9BA2B2CBB184800590BF2 /* FirebaseAnalytics */,
				25F9BA2D2CBB184800590BF2 /* FirebaseAnalyticsOnDeviceConversion */,
				25F9BA2F2CBB184800590BF2 /* FirebaseAnalyticsWithoutAdIdSupport */,
				25F9BA312CBB184800590BF2 /* FirebaseAppCheck */,
				25F9BA332CBB184800590BF2 /* FirebaseAppDistribution-Beta */,
				25356FC02CBC58FD00D8E74B /* FirebaseFirestore */,
			);
			productName = TuneVibe;
			productReference = 25F9BA192CBB172B00590BF2 /* TuneVibe.app */;
			productType = "com.apple.product-type.application";
		};
/* End PBXNativeTarget section */

/* Begin PBXProject section */
		25F9BA112CBB172B00590BF2 /* Project object */ = {
			isa = PBXProject;
			attributes = {
				BuildIndependentTargetsInParallel = 1;
				LastSwiftUpdateCheck = 1520;
				LastUpgradeCheck = 1520;
				TargetAttributes = {
					25F9BA182CBB172B00590BF2 = {
						CreatedOnToolsVersion = 15.2;
					};
				};
			};
			buildConfigurationList = 25F9BA142CBB172B00590BF2 /* Build configuration list for PBXProject "TuneVibe" */;
			compatibilityVersion = "Xcode 14.0";
			developmentRegion = en;
			hasScannedForEncodings = 0;
			knownRegions = (
				en,
				Base,
			);
			mainGroup = 25F9BA102CBB172B00590BF2;
			packageReferences = (
				25F9BA2A2CBB184800590BF2 /* XCRemoteSwiftPackageReference "firebase-ios-sdk" */,
			);
			productRefGroup = 25F9BA1A2CBB172B00590BF2 /* Products */;
			projectDirPath = "";
			projectRoot = "";
			targets = (
				25F9BA182CBB172B00590BF2 /* TuneVibe */,
			);
		};
/* End PBXProject section */

/* Begin PBXResourcesBuildPhase section */
		25F9BA172CBB172B00590BF2 /* Resources */ = {
			isa = PBXResourcesBuildPhase;
			buildActionMask = 2147483647;
			files = (
				25F9BA242CBB172C00590BF2 /* Preview Assets.xcassets in Resources */,
				25356FBE2CBC588400D8E74B /* GoogleService-Info.plist in Resources */,
				25F9BA362CBB18E600590BF2 /* .gitignore in Resources */,
				25F9BA212CBB172C00590BF2 /* Assets.xcassets in Resources */,
			);
			runOnlyForDeploymentPostprocessing = 0;
		};
/* End PBXResourcesBuildPhase section */

/* Begin PBXSourcesBuildPhase section */
		25F9BA152CBB172B00590BF2 /* Sources */ = {
			isa = PBXSourcesBuildPhase;
			buildActionMask = 2147483647;
			files = (
				25356FB62CBC52CB00D8E74B /* AudioPlayerManager.swift in Sources */,
				25F9BA3B2CBB1B1400590BF2 /* Song.swift in Sources */,
				25356FBC2CBC573B00D8E74B /* ContentView.swift in Sources */,
				25356FBA2CBC573000D8E74B /* AudioPlayerView.swift in Sources */,
				25356FB82CBC551900D8E74B /* SongDataModel.swift in Sources */,
				25F9BA1D2CBB172B00590BF2 /* TuneVibeApp.swift in Sources */,
			);
			runOnlyForDeploymentPostprocessing = 0;
		};
/* End PBXSourcesBuildPhase section */

/* Begin XCBuildConfiguration section */
		25F9BA252CBB172C00590BF2 /* Debug */ = {
			isa = XCBuildConfiguration;
			buildSettings = {
				ALWAYS_SEARCH_USER_PATHS = NO;
				ASSETCATALOG_COMPILER_GENERATE_SWIFT_ASSET_SYMBOL_EXTENSIONS = YES;
				CLANG_ANALYZER_NONNULL = YES;
				CLANG_ANALYZER_NUMBER_OBJECT_CONVERSION = YES_AGGRESSIVE;
				CLANG_CXX_LANGUAGE_STANDARD = "gnu++20";
				CLANG_ENABLE_MODULES = YES;
				CLANG_ENABLE_OBJC_ARC = YES;
				CLANG_ENABLE_OBJC_WEAK = YES;
				CLANG_WARN_BLOCK_CAPTURE_AUTORELEASING = YES;
				CLANG_WARN_BOOL_CONVERSION = YES;
				CLANG_WARN_COMMA = YES;
				CLANG_WARN_CONSTANT_CONVERSION = YES;
				CLANG_WARN_DEPRECATED_OBJC_IMPLEMENTATIONS = YES;
				CLANG_WARN_DIRECT_OBJC_ISA_USAGE = YES_ERROR;
				CLANG_WARN_DOCUMENTATION_COMMENTS = YES;
				CLANG_WARN_EMPTY_BODY = YES;
				CLANG_WARN_ENUM_CONVERSION = YES;
				CLANG_WARN_INFINITE_RECURSION = YES;
				CLANG_WARN_INT_CONVERSION = YES;
				CLANG_WARN_NON_LITERAL_NULL_CONVERSION = YES;
				CLANG_WARN_OBJC_IMPLICIT_RETAIN_SELF = YES;
				CLANG_WARN_OBJC_LITERAL_CONVERSION = YES;
				CLANG_WARN_OBJC_ROOT_CLASS = YES_ERROR;
				CLANG_WARN_QUOTED_INCLUDE_IN_FRAMEWORK_HEADER = YES;
				CLANG_WARN_RANGE_LOOP_ANALYSIS = YES;
				CLANG_WARN_STRICT_PROTOTYPES = YES;
				CLANG_WARN_SUSPICIOUS_MOVE = YES;
				CLANG_WARN_UNGUARDED_AVAILABILITY = YES_AGGRESSIVE;
				CLANG_WARN_UNREACHABLE_CODE = YES;
				CLANG_WARN__DUPLICATE_METHOD_MATCH = YES;
				COPY_PHASE_STRIP = NO;
				DEBUG_INFORMATION_FORMAT = dwarf;
				ENABLE_STRICT_OBJC_MSGSEND = YES;
				ENABLE_TESTABILITY = YES;
				ENABLE_USER_SCRIPT_SANDBOXING = YES;
				GCC_C_LANGUAGE_STANDARD = gnu17;
				GCC_DYNAMIC_NO_PIC = NO;
				GCC_NO_COMMON_BLOCKS = YES;
				GCC_OPTIMIZATION_LEVEL = 0;
				GCC_PREPROCESSOR_DEFINITIONS = (
					"DEBUG=1",
					"$(inherited)",
				);
				GCC_WARN_64_TO_32_BIT_CONVERSION = YES;
				GCC_WARN_ABOUT_RETURN_TYPE = YES_ERROR;
				GCC_WARN_UNDECLARED_SELECTOR = YES;
				GCC_WARN_UNINITIALIZED_AUTOS = YES_AGGRESSIVE;
				GCC_WARN_UNUSED_FUNCTION = YES;
				GCC_WARN_UNUSED_VARIABLE = YES;
				IPHONEOS_DEPLOYMENT_TARGET = 17.2;
				LOCALIZATION_PREFERS_STRING_CATALOGS = YES;
				MTL_ENABLE_DEBUG_INFO = INCLUDE_SOURCE;
				MTL_FAST_MATH = YES;
				ONLY_ACTIVE_ARCH = YES;
				SDKROOT = iphoneos;
				SWIFT_ACTIVE_COMPILATION_CONDITIONS = "DEBUG $(inherited)";
				SWIFT_OPTIMIZATION_LEVEL = "-Onone";
			};
			name = Debug;
		};
		25F9BA262CBB172C00590BF2 /* Release */ = {
			isa = XCBuildConfiguration;
			buildSettings = {
				ALWAYS_SEARCH_USER_PATHS = NO;
				ASSETCATALOG_COMPILER_GENERATE_SWIFT_ASSET_SYMBOL_EXTENSIONS = YES;
				CLANG_ANALYZER_NONNULL = YES;
				CLANG_ANALYZER_NUMBER_OBJECT_CONVERSION = YES_AGGRESSIVE;
				CLANG_CXX_LANGUAGE_STANDARD = "gnu++20";
				CLANG_ENABLE_MODULES = YES;
				CLANG_ENABLE_OBJC_ARC = YES;
				CLANG_ENABLE_OBJC_WEAK = YES;
				CLANG_WARN_BLOCK_CAPTURE_AUTORELEASING = YES;
				CLANG_WARN_BOOL_CONVERSION = YES;
				CLANG_WARN_COMMA = YES;
				CLANG_WARN_CONSTANT_CONVERSION = YES;
				CLANG_WARN_DEPRECATED_OBJC_IMPLEMENTATIONS = YES;
				CLANG_WARN_DIRECT_OBJC_ISA_USAGE = YES_ERROR;
				CLANG_WARN_DOCUMENTATION_COMMENTS = YES;
				CLANG_WARN_EMPTY_BODY = YES;
				CLANG_WARN_ENUM_CONVERSION = YES;
				CLANG_WARN_INFINITE_RECURSION = YES;
				CLANG_WARN_INT_CONVERSION = YES;
				CLANG_WARN_NON_LITERAL_NULL_CONVERSION = YES;
				CLANG_WARN_OBJC_IMPLICIT_RETAIN_SELF = YES;
				CLANG_WARN_OBJC_LITERAL_CONVERSION = YES;
				CLANG_WARN_OBJC_ROOT_CLASS = YES_ERROR;
				CLANG_WARN_QUOTED_INCLUDE_IN_FRAMEWORK_HEADER = YES;
				CLANG_WARN_RANGE_LOOP_ANALYSIS = YES;
				CLANG_WARN_STRICT_PROTOTYPES = YES;
				CLANG_WARN_SUSPICIOUS_MOVE = YES;
				CLANG_WARN_UNGUARDED_AVAILABILITY = YES_AGGRESSIVE;
				CLANG_WARN_UNREACHABLE_CODE = YES;
				CLANG_WARN__DUPLICATE_METHOD_MATCH = YES;
				COPY_PHASE_STRIP = NO;
				DEBUG_INFORMATION_FORMAT = "dwarf-with-dsym";
				ENABLE_NS_ASSERTIONS = NO;
				ENABLE_STRICT_OBJC_MSGSEND = YES;
				ENABLE_USER_SCRIPT_SANDBOXING = YES;
				GCC_C_LANGUAGE_STANDARD = gnu17;
				GCC_NO_COMMON_BLOCKS = YES;
				GCC_WARN_64_TO_32_BIT_CONVERSION = YES;
				GCC_WARN_ABOUT_RETURN_TYPE = YES_ERROR;
				GCC_WARN_UNDECLARED_SELECTOR = YES;
				GCC_WARN_UNINITIALIZED_AUTOS = YES_AGGRESSIVE;
				GCC_WARN_UNUSED_FUNCTION = YES;
				GCC_WARN_UNUSED_VARIABLE = YES;
				IPHONEOS_DEPLOYMENT_TARGET = 17.2;
				LOCALIZATION_PREFERS_STRING_CATALOGS = YES;
				MTL_ENABLE_DEBUG_INFO = NO;
				MTL_FAST_MATH = YES;
				SDKROOT = iphoneos;
				SWIFT_COMPILATION_MODE = wholemodule;
				VALIDATE_PRODUCT = YES;
			};
			name = Release;
		};
		25F9BA282CBB172C00590BF2 /* Debug */ = {
			isa = XCBuildConfiguration;
			buildSettings = {
				ASSETCATALOG_COMPILER_APPICON_NAME = AppIcon;
				ASSETCATALOG_COMPILER_GLOBAL_ACCENT_COLOR_NAME = AccentColor;
				CODE_SIGN_STYLE = Automatic;
				CURRENT_PROJECT_VERSION = 1;
				DEVELOPMENT_ASSET_PATHS = "\"TuneVibe/Preview Content\"";
				ENABLE_PREVIEWS = YES;
				GENERATE_INFOPLIST_FILE = YES;
				INFOPLIST_KEY_UIApplicationSceneManifest_Generation = YES;
				INFOPLIST_KEY_UIApplicationSupportsIndirectInputEvents = YES;
				INFOPLIST_KEY_UILaunchScreen_Generation = YES;
				INFOPLIST_KEY_UISupportedInterfaceOrientations_iPad = "UIInterfaceOrientationPortrait UIInterfaceOrientationPortraitUpsideDown UIInterfaceOrientationLandscapeLeft UIInterfaceOrientationLandscapeRight";
				INFOPLIST_KEY_UISupportedInterfaceOrientations_iPhone = "UIInterfaceOrientationPortrait UIInterfaceOrientationLandscapeLeft UIInterfaceOrientationLandscapeRight";
				LD_RUNPATH_SEARCH_PATHS = (
					"$(inherited)",
					"@executable_path/Frameworks",
				);
				MARKETING_VERSION = 1.0;
				PRODUCT_BUNDLE_IDENTIFIER = com.rana.TuneVibe;
				PRODUCT_NAME = "$(TARGET_NAME)";
				SWIFT_EMIT_LOC_STRINGS = YES;
				SWIFT_VERSION = 5.0;
				TARGETED_DEVICE_FAMILY = "1,2";
			};
			name = Debug;
		};
		25F9BA292CBB172C00590BF2 /* Release */ = {
			isa = XCBuildConfiguration;
			buildSettings = {
				ASSETCATALOG_COMPILER_APPICON_NAME = AppIcon;
				ASSETCATALOG_COMPILER_GLOBAL_ACCENT_COLOR_NAME = AccentColor;
				CODE_SIGN_STYLE = Automatic;
				CURRENT_PROJECT_VERSION = 1;
				DEVELOPMENT_ASSET_PATHS = "\"TuneVibe/Preview Content\"";
				ENABLE_PREVIEWS = YES;
				GENERATE_INFOPLIST_FILE = YES;
				INFOPLIST_KEY_UIApplicationSceneManifest_Generation = YES;
				INFOPLIST_KEY_UIApplicationSupportsIndirectInputEvents = YES;
				INFOPLIST_KEY_UILaunchScreen_Generation = YES;
				INFOPLIST_KEY_UISupportedInterfaceOrientations_iPad = "UIInterfaceOrientationPortrait UIInterfaceOrientationPortraitUpsideDown UIInterfaceOrientationLandscapeLeft UIInterfaceOrientationLandscapeRight";
				INFOPLIST_KEY_UISupportedInterfaceOrientations_iPhone = "UIInterfaceOrientationPortrait UIInterfaceOrientationLandscapeLeft UIInterfaceOrientationLandscapeRight";
				LD_RUNPATH_SEARCH_PATHS = (
					"$(inherited)",
					"@executable_path/Frameworks",
				);
				MARKETING_VERSION = 1.0;
				PRODUCT_BUNDLE_IDENTIFIER = com.rana.TuneVibe;
				PRODUCT_NAME = "$(TARGET_NAME)";
				SWIFT_EMIT_LOC_STRINGS = YES;
				SWIFT_VERSION = 5.0;
				TARGETED_DEVICE_FAMILY = "1,2";
			};
			name = Release;
		};
/* End XCBuildConfiguration section */

/* Begin XCConfigurationList section */
		25F9BA142CBB172B00590BF2 /* Build configuration list for PBXProject "TuneVibe" */ = {
			isa = XCConfigurationList;
			buildConfigurations = (
				25F9BA252CBB172C00590BF2 /* Debug */,
				25F9BA262CBB172C00590BF2 /* Release */,
			);
			defaultConfigurationIsVisible = 0;
			defaultConfigurationName = Release;
		};
		25F9BA272CBB172C00590BF2 /* Build configuration list for PBXNativeTarget "TuneVibe" */ = {
			isa = XCConfigurationList;
			buildConfigurations = (
				25F9BA282CBB172C00590BF2 /* Debug */,
				25F9BA292CBB172C00590BF2 /* Release */,
			);
			defaultConfigurationIsVisible = 0;
			defaultConfigurationName = Release;
		};
/* End XCConfigurationList section */

/* Begin XCRemoteSwiftPackageReference section */
		25F9BA2A2CBB184800590BF2 /* XCRemoteSwiftPackageReference "firebase-ios-sdk" */ = {
			isa = XCRemoteSwiftPackageReference;
			repositoryURL = "https://github.com/firebase/firebase-ios-sdk";
			requirement = {
				kind = upToNextMajorVersion;
				minimumVersion = 11.3.0;
			};
		};
/* End XCRemoteSwiftPackageReference section */

/* Begin XCSwiftPackageProductDependency section */
		25356FC02CBC58FD00D8E74B /* FirebaseFirestore */ = {
			isa = XCSwiftPackageProductDependency;
			package = 25F9BA2A2CBB184800590BF2 /* XCRemoteSwiftPackageReference "firebase-ios-sdk" */;
			productName = FirebaseFirestore;
		};
		25F9BA2B2CBB184800590BF2 /* FirebaseAnalytics */ = {
			isa = XCSwiftPackageProductDependency;
			package = 25F9BA2A2CBB184800590BF2 /* XCRemoteSwiftPackageReference "firebase-ios-sdk" */;
			productName = FirebaseAnalytics;
		};
		25F9BA2D2CBB184800590BF2 /* FirebaseAnalyticsOnDeviceConversion */ = {
			isa = XCSwiftPackageProductDependency;
			package = 25F9BA2A2CBB184800590BF2 /* XCRemoteSwiftPackageReference "firebase-ios-sdk" */;
			productName = FirebaseAnalyticsOnDeviceConversion;
		};
		25F9BA2F2CBB184800590BF2 /* FirebaseAnalyticsWithoutAdIdSupport */ = {
			isa = XCSwiftPackageProductDependency;
			package = 25F9BA2A2CBB184800590BF2 /* XCRemoteSwiftPackageReference "firebase-ios-sdk" */;
			productName = FirebaseAnalyticsWithoutAdIdSupport;
		};
		25F9BA312CBB184800590BF2 /* FirebaseAppCheck */ = {
			isa = XCSwiftPackageProductDependency;
			package = 25F9BA2A2CBB184800590BF2 /* XCRemoteSwiftPackageReference "firebase-ios-sdk" */;
			productName = FirebaseAppCheck;
		};
		25F9BA332CBB184800590BF2 /* FirebaseAppDistribution-Beta */ = {
			isa = XCSwiftPackageProductDependency;
			package = 25F9BA2A2CBB184800590BF2 /* XCRemoteSwiftPackageReference "firebase-ios-sdk" */;
			productName = "FirebaseAppDistribution-Beta";
		};
/* End XCSwiftPackageProductDependency section */
	};
	rootObject = 25F9BA112CBB172B00590BF2 /* Project object */;
}
